
Microsoft Visual Studio Solution File, Format Version 12.00
# Visual Studio Version 17
Project("{8BC9CEB8-8B4A-11D0-8D11-00A0C91BC942}") = "ALL_BUILD", "ALL_BUILD.vcxproj", "{9E7EDDC8-7149-3CE2-ADA2-EEF1E4072E3E}"
	ProjectSection(ProjectDependencies) = postProject
		{FD7E33C6-20BC-363F-8AED-4C256638C310} = {FD7E33C6-20BC-363F-8AED-4C256638C310}
		{705B0D90-3188-39D1-861D-A45A0F8CBFD5} = {705B0D90-3188-39D1-861D-A45A0F8CBFD5}
	EndProjectSection
EndProject
Project("{8BC9CEB8-8B4A-11D0-8D11-00A0C91BC942}") = "ZERO_CHECK", "ZERO_CHECK.vcxproj", "{FD7E33C6-20BC-363F-8AED-4C256638C310}"
	ProjectSection(ProjectDependencies) = postProject
	EndProjectSection
EndProject
Project("{8BC9CEB8-8B4A-11D0-8D11-00A0C91BC942}") = "getInfoFromFias", "getInfoFromFias.vcxproj", "{705B0D90-3188-39D1-861D-A45A0F8CBFD5}"
	ProjectSection(ProjectDependencies) = postProject
		{FD7E33C6-20BC-363F-8AED-4C256638C310} = {FD7E33C6-20BC-363F-8AED-4C256638C310}
	EndProjectSection
EndProject
Global
	GlobalSection(SolutionConfigurationPlatforms) = preSolution
		Debug|x64 = Debug|x64
		Release|x64 = Release|x64
		MinSizeRel|x64 = MinSizeRel|x64
		RelWithDebInfo|x64 = RelWithDebInfo|x64
	EndGlobalSection
	GlobalSection(ProjectConfigurationPlatforms) = postSolution
		{9E7EDDC8-7149-3CE2-ADA2-EEF1E4072E3E}.Debug|x64.ActiveCfg = Debug|x64
		{9E7EDDC8-7149-3CE2-ADA2-EEF1E4072E3E}.Release|x64.ActiveCfg = Release|x64
		{9E7EDDC8-7149-3CE2-ADA2-EEF1E4072E3E}.MinSizeRel|x64.ActiveCfg = MinSizeRel|x64
		{9E7EDDC8-7149-3CE2-ADA2-EEF1E4072E3E}.RelWithDebInfo|x64.ActiveCfg = RelWithDebInfo|x64
		{FD7E33C6-20BC-363F-8AED-4C256638C310}.Debug|x64.ActiveCfg = Debug|x64
		{FD7E33C6-20BC-363F-8AED-4C256638C310}.Debug|x64.Build.0 = Debug|x64
		{FD7E33C6-20BC-363F-8AED-4C256638C310}.Release|x64.ActiveCfg = Release|x64
		{FD7E33C6-20BC-363F-8AED-4C256638C310}.Release|x64.Build.0 = Release|x64
		{FD7E33C6-20BC-363F-8AED-4C256638C310}.MinSizeRel|x64.ActiveCfg = MinSizeRel|x64
		{FD7E33C6-20BC-363F-8AED-4C256638C310}.MinSizeRel|x64.Build.0 = MinSizeRel|x64
		{FD7E33C6-20BC-363F-8AED-4C256638C310}.RelWithDebInfo|x64.ActiveCfg = RelWithDebInfo|x64
		{FD7E33C6-20BC-363F-8AED-4C256638C310}.RelWithDebInfo|x64.Build.0 = RelWithDebInfo|x64
		{705B0D90-3188-39D1-861D-A45A0F8CBFD5}.Debug|x64.ActiveCfg = Debug|x64
		{705B0D90-3188-39D1-861D-A45A0F8CBFD5}.Debug|x64.Build.0 = Debug|x64
		{705B0D90-3188-39D1-861D-A45A0F8CBFD5}.Release|x64.ActiveCfg = Release|x64
		{705B0D90-3188-39D1-861D-A45A0F8CBFD5}.Release|x64.Build.0 = Release|x64
		{705B0D90-3188-39D1-861D-A45A0F8CBFD5}.MinSizeRel|x64.ActiveCfg = MinSizeRel|x64
		{705B0D90-3188-39D1-861D-A45A0F8CBFD5}.MinSizeRel|x64.Build.0 = MinSizeRel|x64
		{705B0D90-3188-39D1-861D-A45A0F8CBFD5}.RelWithDebInfo|x64.ActiveCfg = RelWithDebInfo|x64
		{705B0D90-3188-39D1-861D-A45A0F8CBFD5}.RelWithDebInfo|x64.Build.0 = RelWithDebInfo|x64
	EndGlobalSection
	GlobalSection(ExtensibilityGlobals) = postSolution
		SolutionGuid = {9D24A1E7-BEEE-3930-A246-5A33B985B6C0}
	EndGlobalSection
	GlobalSection(ExtensibilityAddIns) = postSolution
	EndGlobalSection
EndGlobal
