<?xml version="1.0" encoding="utf-8"?>
<Project ToolsVersion="17.0" xmlns="http://schemas.microsoft.com/developer/msbuild/2003">
  <ItemGroup>
    <ClCompile Include="C:\cppWorkspace\Projects\Work_Projects\FIAS\Get_Requests\src\main.cpp">
      <Filter>Source Files</Filter>
    </ClCompile>
  </ItemGroup>
  <ItemGroup>
    <CustomBuild Include="C:\cppWorkspace\Projects\Work_Projects\FIAS\Get_Requests\CMakeLists.txt" />
  </ItemGroup>
  <ItemGroup>
    <Filter Include="Source Files">
      <UniqueIdentifier>{7F5C6ADD-0F07-3923-9505-10420130806F}</UniqueIdentifier>
    </Filter>
  </ItemGroup>
</Project>
